// !$*UTF8*$!
{
	archiveVersion = 1;
	classes = {
	};
	objectVersion = 46;
	objects = {

/* Begin PBXBuildFile section */
		137631B27D526EE69229B9A5 /* libPods-Specs.a in Frameworks */ = {isa = PBXBuildFile; fileRef = BC17C8B844CFDA718AA57477 /* libPods-Specs.a */; };
		1C62007C1E14DB3B00830EA1 /* NLAutomaticSecrets.plist in Resources */ = {isa = PBXBuildFile; fileRef = 1C62007B1E14DB3B00830EA1 /* NLAutomaticSecrets.plist */; };
		A87ECD5D86416A4C53817464 /* libPods-NLAutomatic.a in Frameworks */ = {isa = PBXBuildFile; fileRef = 7CCC830B2FB222783F79B8D4 /* libPods-NLAutomatic.a */; };
		B52A0D1C188DED6C00C21D6C /* Foundation.framework in Frameworks */ = {isa = PBXBuildFile; fileRef = B52A0D1B188DED6C00C21D6C /* Foundation.framework */; };
		B52A0D1E188DED6C00C21D6C /* CoreGraphics.framework in Frameworks */ = {isa = PBXBuildFile; fileRef = B52A0D1D188DED6C00C21D6C /* CoreGraphics.framework */; };
		B52A0D20188DED6C00C21D6C /* UIKit.framework in Frameworks */ = {isa = PBXBuildFile; fileRef = B52A0D1F188DED6C00C21D6C /* UIKit.framework */; };
		B52A0D35188DED6C00C21D6C /* XCTest.framework in Frameworks */ = {isa = PBXBuildFile; fileRef = B52A0D34188DED6C00C21D6C /* XCTest.framework */; };
		B52A0D36188DED6C00C21D6C /* Foundation.framework in Frameworks */ = {isa = PBXBuildFile; fileRef = B52A0D1B188DED6C00C21D6C /* Foundation.framework */; };
		B52A0D37188DED6C00C21D6C /* UIKit.framework in Frameworks */ = {isa = PBXBuildFile; fileRef = B52A0D1F188DED6C00C21D6C /* UIKit.framework */; };
		B536C109188DED9400C02470 /* NLAppDelegate.m in Sources */ = {isa = PBXBuildFile; fileRef = B536C102188DED9400C02470 /* NLAppDelegate.m */; };
		B536C10B188DED9400C02470 /* InfoPlist.strings in Resources */ = {isa = PBXBuildFile; fileRef = B536C105188DED9400C02470 /* InfoPlist.strings */; };
		B536C10C188DED9400C02470 /* Images.xcassets in Resources */ = {isa = PBXBuildFile; fileRef = B536C107188DED9400C02470 /* Images.xcassets */; };
		B536C10D188DED9400C02470 /* main.m in Sources */ = {isa = PBXBuildFile; fileRef = B536C108188DED9400C02470 /* main.m */; };
		B536C113188DED9C00C02470 /* Specs-Info.plist in Resources */ = {isa = PBXBuildFile; fileRef = B536C10F188DED9C00C02470 /* Specs-Info.plist */; };
		B536C114188DED9C00C02470 /* NLAutomaticTests.m in Sources */ = {isa = PBXBuildFile; fileRef = B536C110188DED9C00C02470 /* NLAutomaticTests.m */; };
		B536C115188DED9C00C02470 /* InfoPlist.strings in Resources */ = {isa = PBXBuildFile; fileRef = B536C111188DED9C00C02470 /* InfoPlist.strings */; };
		B58FEB2B18A1F319009A6F62 /* MapKit.framework in Frameworks */ = {isa = PBXBuildFile; fileRef = B58FEB2A18A1F319009A6F62 /* MapKit.framework */; };
		B5AA05CE189ED0DA00F516D4 /* NLAuthViewController.m in Sources */ = {isa = PBXBuildFile; fileRef = B5AA05CD189ED0DA00F516D4 /* NLAuthViewController.m */; };
		B5AA05DB189EE2E700F516D4 /* NLTableViewController.m in Sources */ = {isa = PBXBuildFile; fileRef = B5AA05DA189EE2E700F516D4 /* NLTableViewController.m */; };
		B5B3F54E18A12FA00043E3CE /* NLMapViewController.m in Sources */ = {isa = PBXBuildFile; fileRef = B5B3F54D18A12FA00043E3CE /* NLMapViewController.m */; };
/* End PBXBuildFile section */

/* Begin PBXContainerItemProxy section */
		B52A0D38188DED6C00C21D6C /* PBXContainerItemProxy */ = {
			isa = PBXContainerItemProxy;
			containerPortal = B52A0D10188DED6B00C21D6C /* Project object */;
			proxyType = 1;
			remoteGlobalIDString = B52A0D17188DED6C00C21D6C;
			remoteInfo = BDKAutomatic;
		};
/* End PBXContainerItemProxy section */

/* Begin PBXFileReference section */
		1C62007B1E14DB3B00830EA1 /* NLAutomaticSecrets.plist */ = {isa = PBXFileReference; fileEncoding = 4; lastKnownFileType = text.plist.xml; path = NLAutomaticSecrets.plist; sourceTree = "<group>"; };
		1D8D9053DBDBA2F88FEFE824 /* Pods-Specs.debug.xcconfig */ = {isa = PBXFileReference; includeInIndex = 1; lastKnownFileType = text.xcconfig; name = "Pods-Specs.debug.xcconfig"; path = "Pods/Target Support Files/Pods-Specs/Pods-Specs.debug.xcconfig"; sourceTree = "<group>"; };
		7CCC830B2FB222783F79B8D4 /* libPods-NLAutomatic.a */ = {isa = PBXFileReference; explicitFileType = archive.ar; includeInIndex = 0; path = "libPods-NLAutomatic.a"; sourceTree = BUILT_PRODUCTS_DIR; };
		B52A0D18188DED6C00C21D6C /* NLAutomatic.app */ = {isa = PBXFileReference; explicitFileType = wrapper.application; includeInIndex = 0; path = NLAutomatic.app; sourceTree = BUILT_PRODUCTS_DIR; };
		B52A0D1B188DED6C00C21D6C /* Foundation.framework */ = {isa = PBXFileReference; lastKnownFileType = wrapper.framework; name = Foundation.framework; path = System/Library/Frameworks/Foundation.framework; sourceTree = SDKROOT; };
		B52A0D1D188DED6C00C21D6C /* CoreGraphics.framework */ = {isa = PBXFileReference; lastKnownFileType = wrapper.framework; name = CoreGraphics.framework; path = System/Library/Frameworks/CoreGraphics.framework; sourceTree = SDKROOT; };
		B52A0D1F188DED6C00C21D6C /* UIKit.framework */ = {isa = PBXFileReference; lastKnownFileType = wrapper.framework; name = UIKit.framework; path = System/Library/Frameworks/UIKit.framework; sourceTree = SDKROOT; };
		B52A0D33188DED6C00C21D6C /* Specs.xctest */ = {isa = PBXFileReference; explicitFileType = wrapper.cfbundle; includeInIndex = 0; path = Specs.xctest; sourceTree = BUILT_PRODUCTS_DIR; };
		B52A0D34188DED6C00C21D6C /* XCTest.framework */ = {isa = PBXFileReference; lastKnownFileType = wrapper.framework; name = XCTest.framework; path = Library/Frameworks/XCTest.framework; sourceTree = DEVELOPER_DIR; };
		B536C101188DED9400C02470 /* NLAppDelegate.h */ = {isa = PBXFileReference; fileEncoding = 4; lastKnownFileType = sourcecode.c.h; path = NLAppDelegate.h; sourceTree = "<group>"; };
		B536C102188DED9400C02470 /* NLAppDelegate.m */ = {isa = PBXFileReference; fileEncoding = 4; lastKnownFileType = sourcecode.c.objc; path = NLAppDelegate.m; sourceTree = "<group>"; };
		B536C103188DED9400C02470 /* Info.plist */ = {isa = PBXFileReference; fileEncoding = 4; lastKnownFileType = text.plist.xml; path = Info.plist; sourceTree = "<group>"; };
		B536C104188DED9400C02470 /* Prefix.pch */ = {isa = PBXFileReference; fileEncoding = 4; lastKnownFileType = sourcecode.c.h; path = Prefix.pch; sourceTree = "<group>"; };
		B536C106188DED9400C02470 /* en */ = {isa = PBXFileReference; lastKnownFileType = text.plist.strings; name = en; path = en.lproj/InfoPlist.strings; sourceTree = "<group>"; };
		B536C107188DED9400C02470 /* Images.xcassets */ = {isa = PBXFileReference; lastKnownFileType = folder.assetcatalog; path = Images.xcassets; sourceTree = "<group>"; };
		B536C108188DED9400C02470 /* main.m */ = {isa = PBXFileReference; fileEncoding = 4; lastKnownFileType = sourcecode.c.objc; path = main.m; sourceTree = "<group>"; };
		B536C10F188DED9C00C02470 /* Specs-Info.plist */ = {isa = PBXFileReference; fileEncoding = 4; lastKnownFileType = text.plist.xml; path = "Specs-Info.plist"; sourceTree = "<group>"; };
		B536C110188DED9C00C02470 /* NLAutomaticTests.m */ = {isa = PBXFileReference; fileEncoding = 4; lastKnownFileType = sourcecode.c.objc; path = NLAutomaticTests.m; sourceTree = "<group>"; };
		B536C112188DED9C00C02470 /* en */ = {isa = PBXFileReference; lastKnownFileType = text.plist.strings; name = en; path = en.lproj/InfoPlist.strings; sourceTree = "<group>"; };
		B58FEB2A18A1F319009A6F62 /* MapKit.framework */ = {isa = PBXFileReference; lastKnownFileType = wrapper.framework; name = MapKit.framework; path = System/Library/Frameworks/MapKit.framework; sourceTree = SDKROOT; };
		B5AA05CC189ED0DA00F516D4 /* NLAuthViewController.h */ = {isa = PBXFileReference; fileEncoding = 4; lastKnownFileType = sourcecode.c.h; path = NLAuthViewController.h; sourceTree = "<group>"; };
		B5AA05CD189ED0DA00F516D4 /* NLAuthViewController.m */ = {isa = PBXFileReference; fileEncoding = 4; lastKnownFileType = sourcecode.c.objc; path = NLAuthViewController.m; sourceTree = "<group>"; };
		B5AA05D9189EE2E700F516D4 /* NLTableViewController.h */ = {isa = PBXFileReference; fileEncoding = 4; lastKnownFileType = sourcecode.c.h; path = NLTableViewController.h; sourceTree = "<group>"; };
		B5AA05DA189EE2E700F516D4 /* NLTableViewController.m */ = {isa = PBXFileReference; fileEncoding = 4; lastKnownFileType = sourcecode.c.objc; path = NLTableViewController.m; sourceTree = "<group>"; };
		B5B3F54C18A12FA00043E3CE /* NLMapViewController.h */ = {isa = PBXFileReference; fileEncoding = 4; lastKnownFileType = sourcecode.c.h; path = NLMapViewController.h; sourceTree = "<group>"; };
		B5B3F54D18A12FA00043E3CE /* NLMapViewController.m */ = {isa = PBXFileReference; fileEncoding = 4; lastKnownFileType = sourcecode.c.objc; path = NLMapViewController.m; sourceTree = "<group>"; };
		BC17C8B844CFDA718AA57477 /* libPods-Specs.a */ = {isa = PBXFileReference; explicitFileType = archive.ar; includeInIndex = 0; path = "libPods-Specs.a"; sourceTree = BUILT_PRODUCTS_DIR; };
		DA63F06D7E3A8B16632A1CBF /* Pods-NLAutomatic.debug.xcconfig */ = {isa = PBXFileReference; includeInIndex = 1; lastKnownFileType = text.xcconfig; name = "Pods-NLAutomatic.debug.xcconfig"; path = "Pods/Target Support Files/Pods-NLAutomatic/Pods-NLAutomatic.debug.xcconfig"; sourceTree = "<group>"; };
		E61D12E3286C0993440A6B14 /* Pods-NLAutomatic.release.xcconfig */ = {isa = PBXFileReference; includeInIndex = 1; lastKnownFileType = text.xcconfig; name = "Pods-NLAutomatic.release.xcconfig"; path = "Pods/Target Support Files/Pods-NLAutomatic/Pods-NLAutomatic.release.xcconfig"; sourceTree = "<group>"; };
		E7D1F352C10313BFEBFDFE24 /* Pods-Specs.release.xcconfig */ = {isa = PBXFileReference; includeInIndex = 1; lastKnownFileType = text.xcconfig; name = "Pods-Specs.release.xcconfig"; path = "Pods/Target Support Files/Pods-Specs/Pods-Specs.release.xcconfig"; sourceTree = "<group>"; };
/* End PBXFileReference section */

/* Begin PBXFrameworksBuildPhase section */
		B52A0D15188DED6C00C21D6C /* Frameworks */ = {
			isa = PBXFrameworksBuildPhase;
			buildActionMask = 2147483647;
			files = (
				B58FEB2B18A1F319009A6F62 /* MapKit.framework in Frameworks */,
				B52A0D1E188DED6C00C21D6C /* CoreGraphics.framework in Frameworks */,
				B52A0D20188DED6C00C21D6C /* UIKit.framework in Frameworks */,
				B52A0D1C188DED6C00C21D6C /* Foundation.framework in Frameworks */,
				A87ECD5D86416A4C53817464 /* libPods-NLAutomatic.a in Frameworks */,
			);
			runOnlyForDeploymentPostprocessing = 0;
		};
		B52A0D30188DED6C00C21D6C /* Frameworks */ = {
			isa = PBXFrameworksBuildPhase;
			buildActionMask = 2147483647;
			files = (
				B52A0D35188DED6C00C21D6C /* XCTest.framework in Frameworks */,
				B52A0D37188DED6C00C21D6C /* UIKit.framework in Frameworks */,
				B52A0D36188DED6C00C21D6C /* Foundation.framework in Frameworks */,
				137631B27D526EE69229B9A5 /* libPods-Specs.a in Frameworks */,
			);
			runOnlyForDeploymentPostprocessing = 0;
		};
/* End PBXFrameworksBuildPhase section */

/* Begin PBXGroup section */
		B52A0D0F188DED6B00C21D6C = {
			isa = PBXGroup;
			children = (
				B536C100188DED9400C02470 /* Classes */,
				B52A0D1A188DED6C00C21D6C /* Frameworks */,
				B52A0D19188DED6C00C21D6C /* Products */,
				B536C10E188DED9C00C02470 /* Specs */,
				CC802B8E7CE93FC1C44512FC /* Pods */,
			);
			sourceTree = "<group>";
		};
		B52A0D19188DED6C00C21D6C /* Products */ = {
			isa = PBXGroup;
			children = (
				B52A0D18188DED6C00C21D6C /* NLAutomatic.app */,
				B52A0D33188DED6C00C21D6C /* Specs.xctest */,
			);
			name = Products;
			sourceTree = "<group>";
		};
		B52A0D1A188DED6C00C21D6C /* Frameworks */ = {
			isa = PBXGroup;
			children = (
				B58FEB2A18A1F319009A6F62 /* MapKit.framework */,
				B52A0D1B188DED6C00C21D6C /* Foundation.framework */,
				B52A0D1D188DED6C00C21D6C /* CoreGraphics.framework */,
				B52A0D1F188DED6C00C21D6C /* UIKit.framework */,
				B52A0D34188DED6C00C21D6C /* XCTest.framework */,
				BC17C8B844CFDA718AA57477 /* libPods-Specs.a */,
				7CCC830B2FB222783F79B8D4 /* libPods-NLAutomatic.a */,
			);
			name = Frameworks;
			sourceTree = "<group>";
		};
		B536C100188DED9400C02470 /* Classes */ = {
			isa = PBXGroup;
			children = (
				B536C101188DED9400C02470 /* NLAppDelegate.h */,
				B536C102188DED9400C02470 /* NLAppDelegate.m */,
				B5AA05CC189ED0DA00F516D4 /* NLAuthViewController.h */,
				B5AA05CD189ED0DA00F516D4 /* NLAuthViewController.m */,
				B5B3F54C18A12FA00043E3CE /* NLMapViewController.h */,
				B5B3F54D18A12FA00043E3CE /* NLMapViewController.m */,
				B5AA05D9189EE2E700F516D4 /* NLTableViewController.h */,
				B5AA05DA189EE2E700F516D4 /* NLTableViewController.m */,
				1C62007B1E14DB3B00830EA1 /* NLAutomaticSecrets.plist */,
				B536C103188DED9400C02470 /* Info.plist */,
				B536C104188DED9400C02470 /* Prefix.pch */,
				B536C105188DED9400C02470 /* InfoPlist.strings */,
				B536C107188DED9400C02470 /* Images.xcassets */,
				B536C108188DED9400C02470 /* main.m */,
			);
			path = Classes;
			sourceTree = "<group>";
		};
		B536C10E188DED9C00C02470 /* Specs */ = {
			isa = PBXGroup;
			children = (
				B536C10F188DED9C00C02470 /* Specs-Info.plist */,
				B536C110188DED9C00C02470 /* NLAutomaticTests.m */,
				B536C111188DED9C00C02470 /* InfoPlist.strings */,
			);
			path = Specs;
			sourceTree = "<group>";
		};
		CC802B8E7CE93FC1C44512FC /* Pods */ = {
			isa = PBXGroup;
			children = (
				1D8D9053DBDBA2F88FEFE824 /* Pods-Specs.debug.xcconfig */,
				E7D1F352C10313BFEBFDFE24 /* Pods-Specs.release.xcconfig */,
				DA63F06D7E3A8B16632A1CBF /* Pods-NLAutomatic.debug.xcconfig */,
				E61D12E3286C0993440A6B14 /* Pods-NLAutomatic.release.xcconfig */,
			);
			name = Pods;
			sourceTree = "<group>";
		};
/* End PBXGroup section */

/* Begin PBXNativeTarget section */
		B52A0D17188DED6C00C21D6C /* NLAutomatic */ = {
			isa = PBXNativeTarget;
			buildConfigurationList = B52A0D44188DED6C00C21D6C /* Build configuration list for PBXNativeTarget "NLAutomatic" */;
			buildPhases = (
				6282C40376B1C81F5B6595F6 /* [CP] Check Pods Manifest.lock */,
				B52A0D14188DED6C00C21D6C /* Sources */,
				B52A0D15188DED6C00C21D6C /* Frameworks */,
				B52A0D16188DED6C00C21D6C /* Resources */,
				FF796A7E05493EFA543593BF /* [CP] Embed Pods Frameworks */,
				15852618E3007FC4A360C7D5 /* [CP] Copy Pods Resources */,
			);
			buildRules = (
			);
			dependencies = (
			);
			name = NLAutomatic;
			productName = BDKAutomatic;
			productReference = B52A0D18188DED6C00C21D6C /* NLAutomatic.app */;
			productType = "com.apple.product-type.application";
		};
		B52A0D32188DED6C00C21D6C /* Specs */ = {
			isa = PBXNativeTarget;
			buildConfigurationList = B52A0D47188DED6C00C21D6C /* Build configuration list for PBXNativeTarget "Specs" */;
			buildPhases = (
				7E473957E043716F7B62896D /* [CP] Check Pods Manifest.lock */,
				B52A0D2F188DED6C00C21D6C /* Sources */,
				B52A0D30188DED6C00C21D6C /* Frameworks */,
				B52A0D31188DED6C00C21D6C /* Resources */,
				C2F3B3DF1B9FF795D03A55B8 /* [CP] Embed Pods Frameworks */,
				9C293BCBA5E518C51B5BB15C /* [CP] Copy Pods Resources */,
			);
			buildRules = (
			);
			dependencies = (
				B52A0D39188DED6C00C21D6C /* PBXTargetDependency */,
			);
			name = Specs;
			productName = BDKAutomaticTests;
			productReference = B52A0D33188DED6C00C21D6C /* Specs.xctest */;
			productType = "com.apple.product-type.bundle.unit-test";
		};
/* End PBXNativeTarget section */

/* Begin PBXProject section */
		B52A0D10188DED6B00C21D6C /* Project object */ = {
			isa = PBXProject;
			attributes = {
				CLASSPREFIX = BDK;
				LastUpgradeCheck = 0820;
				ORGANIZATIONNAME = "Ben Kreeger";
				TargetAttributes = {
					B52A0D17188DED6C00C21D6C = {
						DevelopmentTeam = 6K559Y986U;
					};
					B52A0D32188DED6C00C21D6C = {
						DevelopmentTeam = 6K559Y986U;
						TestTargetID = B52A0D17188DED6C00C21D6C;
					};
				};
			};
			buildConfigurationList = B52A0D13188DED6B00C21D6C /* Build configuration list for PBXProject "NLAutomatic" */;
			compatibilityVersion = "Xcode 3.2";
			developmentRegion = English;
			hasScannedForEncodings = 0;
			knownRegions = (
				en,
			);
			mainGroup = B52A0D0F188DED6B00C21D6C;
			productRefGroup = B52A0D19188DED6C00C21D6C /* Products */;
			projectDirPath = "";
			projectRoot = "";
			targets = (
				B52A0D17188DED6C00C21D6C /* NLAutomatic */,
				B52A0D32188DED6C00C21D6C /* Specs */,
			);
		};
/* End PBXProject section */

/* Begin PBXResourcesBuildPhase section */
		B52A0D16188DED6C00C21D6C /* Resources */ = {
			isa = PBXResourcesBuildPhase;
			buildActionMask = 2147483647;
			files = (
				B536C10C188DED9400C02470 /* Images.xcassets in Resources */,
				B536C10B188DED9400C02470 /* InfoPlist.strings in Resources */,
				1C62007C1E14DB3B00830EA1 /* NLAutomaticSecrets.plist in Resources */,
			);
			runOnlyForDeploymentPostprocessing = 0;
		};
		B52A0D31188DED6C00C21D6C /* Resources */ = {
			isa = PBXResourcesBuildPhase;
			buildActionMask = 2147483647;
			files = (
				B536C113188DED9C00C02470 /* Specs-Info.plist in Resources */,
				B536C115188DED9C00C02470 /* InfoPlist.strings in Resources */,
			);
			runOnlyForDeploymentPostprocessing = 0;
		};
/* End PBXResourcesBuildPhase section */

/* Begin PBXShellScriptBuildPhase section */
		15852618E3007FC4A360C7D5 /* [CP] Copy Pods Resources */ = {
			isa = PBXShellScriptBuildPhase;
			buildActionMask = 2147483647;
			files = (
			);
			inputPaths = (
			);
			name = "[CP] Copy Pods Resources";
			outputPaths = (
			);
			runOnlyForDeploymentPostprocessing = 0;
			shellPath = /bin/sh;
			shellScript = "\"${SRCROOT}/Pods/Target Support Files/Pods-NLAutomatic/Pods-NLAutomatic-resources.sh\"\n";
			showEnvVarsInLog = 0;
		};
		6282C40376B1C81F5B6595F6 /* [CP] Check Pods Manifest.lock */ = {
			isa = PBXShellScriptBuildPhase;
			buildActionMask = 2147483647;
			files = (
			);
			inputPaths = (
			);
			name = "[CP] Check Pods Manifest.lock";
			outputPaths = (
			);
			runOnlyForDeploymentPostprocessing = 0;
			shellPath = /bin/sh;
			shellScript = "diff \"${PODS_ROOT}/../Podfile.lock\" \"${PODS_ROOT}/Manifest.lock\" > /dev/null\nif [[ $? != 0 ]] ; then\n    cat << EOM\nerror: The sandbox is not in sync with the Podfile.lock. Run 'pod install' or update your CocoaPods installation.\nEOM\n    exit 1\nfi\n";
			showEnvVarsInLog = 0;
		};
		7E473957E043716F7B62896D /* [CP] Check Pods Manifest.lock */ = {
			isa = PBXShellScriptBuildPhase;
			buildActionMask = 2147483647;
			files = (
			);
			inputPaths = (
			);
			name = "[CP] Check Pods Manifest.lock";
			outputPaths = (
			);
			runOnlyForDeploymentPostprocessing = 0;
			shellPath = /bin/sh;
			shellScript = "diff \"${PODS_ROOT}/../Podfile.lock\" \"${PODS_ROOT}/Manifest.lock\" > /dev/null\nif [[ $? != 0 ]] ; then\n    cat << EOM\nerror: The sandbox is not in sync with the Podfile.lock. Run 'pod install' or update your CocoaPods installation.\nEOM\n    exit 1\nfi\n";
			showEnvVarsInLog = 0;
		};
		9C293BCBA5E518C51B5BB15C /* [CP] Copy Pods Resources */ = {
			isa = PBXShellScriptBuildPhase;
			buildActionMask = 2147483647;
			files = (
			);
			inputPaths = (
			);
			name = "[CP] Copy Pods Resources";
			outputPaths = (
			);
			runOnlyForDeploymentPostprocessing = 0;
			shellPath = /bin/sh;
			shellScript = "\"${SRCROOT}/Pods/Target Support Files/Pods-Specs/Pods-Specs-resources.sh\"\n";
			showEnvVarsInLog = 0;
		};
		C2F3B3DF1B9FF795D03A55B8 /* [CP] Embed Pods Frameworks */ = {
			isa = PBXShellScriptBuildPhase;
			buildActionMask = 2147483647;
			files = (
			);
			inputPaths = (
			);
			name = "[CP] Embed Pods Frameworks";
			outputPaths = (
			);
			runOnlyForDeploymentPostprocessing = 0;
			shellPath = /bin/sh;
			shellScript = "\"${SRCROOT}/Pods/Target Support Files/Pods-Specs/Pods-Specs-frameworks.sh\"\n";
			showEnvVarsInLog = 0;
		};
		FF796A7E05493EFA543593BF /* [CP] Embed Pods Frameworks */ = {
			isa = PBXShellScriptBuildPhase;
			buildActionMask = 2147483647;
			files = (
			);
			inputPaths = (
			);
			name = "[CP] Embed Pods Frameworks";
			outputPaths = (
			);
			runOnlyForDeploymentPostprocessing = 0;
			shellPath = /bin/sh;
			shellScript = "\"${SRCROOT}/Pods/Target Support Files/Pods-NLAutomatic/Pods-NLAutomatic-frameworks.sh\"\n";
			showEnvVarsInLog = 0;
		};
/* End PBXShellScriptBuildPhase section */

/* Begin PBXSourcesBuildPhase section */
		B52A0D14188DED6C00C21D6C /* Sources */ = {
			isa = PBXSourcesBuildPhase;
			buildActionMask = 2147483647;
			files = (
				B5B3F54E18A12FA00043E3CE /* NLMapViewController.m in Sources */,
				B5AA05CE189ED0DA00F516D4 /* NLAuthViewController.m in Sources */,
				B536C10D188DED9400C02470 /* main.m in Sources */,
				B536C109188DED9400C02470 /* NLAppDelegate.m in Sources */,
				B5AA05DB189EE2E700F516D4 /* NLTableViewController.m in Sources */,
			);
			runOnlyForDeploymentPostprocessing = 0;
		};
		B52A0D2F188DED6C00C21D6C /* Sources */ = {
			isa = PBXSourcesBuildPhase;
			buildActionMask = 2147483647;
			files = (
				B536C114188DED9C00C02470 /* NLAutomaticTests.m in Sources */,
			);
			runOnlyForDeploymentPostprocessing = 0;
		};
/* End PBXSourcesBuildPhase section */

/* Begin PBXTargetDependency section */
		B52A0D39188DED6C00C21D6C /* PBXTargetDependency */ = {
			isa = PBXTargetDependency;
			target = B52A0D17188DED6C00C21D6C /* NLAutomatic */;
			targetProxy = B52A0D38188DED6C00C21D6C /* PBXContainerItemProxy */;
		};
/* End PBXTargetDependency section */

/* Begin PBXVariantGroup section */
		B536C105188DED9400C02470 /* InfoPlist.strings */ = {
			isa = PBXVariantGroup;
			children = (
				B536C106188DED9400C02470 /* en */,
			);
			name = InfoPlist.strings;
			sourceTree = "<group>";
		};
		B536C111188DED9C00C02470 /* InfoPlist.strings */ = {
			isa = PBXVariantGroup;
			children = (
				B536C112188DED9C00C02470 /* en */,
			);
			name = InfoPlist.strings;
			sourceTree = "<group>";
		};
/* End PBXVariantGroup section */

/* Begin XCBuildConfiguration section */
		B52A0D42188DED6C00C21D6C /* Debug */ = {
			isa = XCBuildConfiguration;
			buildSettings = {
				ALWAYS_SEARCH_USER_PATHS = NO;
				CLANG_CXX_LANGUAGE_STANDARD = "gnu++0x";
				CLANG_CXX_LIBRARY = "libc++";
				CLANG_ENABLE_MODULES = YES;
				CLANG_ENABLE_OBJC_ARC = YES;
				CLANG_WARN_BOOL_CONVERSION = YES;
				CLANG_WARN_CONSTANT_CONVERSION = YES;
				CLANG_WARN_DIRECT_OBJC_ISA_USAGE = YES_ERROR;
				CLANG_WARN_EMPTY_BODY = YES;
				CLANG_WARN_ENUM_CONVERSION = YES;
				CLANG_WARN_INFINITE_RECURSION = YES;
				CLANG_WARN_INT_CONVERSION = YES;
				CLANG_WARN_OBJC_ROOT_CLASS = YES_ERROR;
				CLANG_WARN_SUSPICIOUS_MOVE = YES;
				CLANG_WARN_UNREACHABLE_CODE = YES;
				CLANG_WARN__DUPLICATE_METHOD_MATCH = YES;
				"CODE_SIGN_IDENTITY[sdk=iphoneos*]" = "iPhone Developer";
				COPY_PHASE_STRIP = NO;
				ENABLE_STRICT_OBJC_MSGSEND = YES;
				ENABLE_TESTABILITY = YES;
				GCC_C_LANGUAGE_STANDARD = gnu99;
				GCC_DYNAMIC_NO_PIC = NO;
				GCC_NO_COMMON_BLOCKS = YES;
				GCC_OPTIMIZATION_LEVEL = 0;
				GCC_PREPROCESSOR_DEFINITIONS = (
					"DEBUG=1",
					"$(inherited)",
				);
				GCC_SYMBOLS_PRIVATE_EXTERN = NO;
				GCC_WARN_64_TO_32_BIT_CONVERSION = YES;
				GCC_WARN_ABOUT_RETURN_TYPE = YES_ERROR;
				GCC_WARN_UNDECLARED_SELECTOR = YES;
				GCC_WARN_UNINITIALIZED_AUTOS = YES;
				GCC_WARN_UNUSED_FUNCTION = YES;
				GCC_WARN_UNUSED_VARIABLE = YES;
				IPHONEOS_DEPLOYMENT_TARGET = 8.0;
				ONLY_ACTIVE_ARCH = YES;
				SDKROOT = iphoneos;
			};
			name = Debug;
		};
		B52A0D43188DED6C00C21D6C /* Release */ = {
			isa = XCBuildConfiguration;
			buildSettings = {
				ALWAYS_SEARCH_USER_PATHS = NO;
				CLANG_CXX_LANGUAGE_STANDARD = "gnu++0x";
				CLANG_CXX_LIBRARY = "libc++";
				CLANG_ENABLE_MODULES = YES;
				CLANG_ENABLE_OBJC_ARC = YES;
				CLANG_WARN_BOOL_CONVERSION = YES;
				CLANG_WARN_CONSTANT_CONVERSION = YES;
				CLANG_WARN_DIRECT_OBJC_ISA_USAGE = YES_ERROR;
				CLANG_WARN_EMPTY_BODY = YES;
				CLANG_WARN_ENUM_CONVERSION = YES;
				CLANG_WARN_INFINITE_RECURSION = YES;
				CLANG_WARN_INT_CONVERSION = YES;
				CLANG_WARN_OBJC_ROOT_CLASS = YES_ERROR;
				CLANG_WARN_SUSPICIOUS_MOVE = YES;
				CLANG_WARN_UNREACHABLE_CODE = YES;
				CLANG_WARN__DUPLICATE_METHOD_MATCH = YES;
				"CODE_SIGN_IDENTITY[sdk=iphoneos*]" = "iPhone Developer";
				COPY_PHASE_STRIP = YES;
				ENABLE_NS_ASSERTIONS = NO;
				ENABLE_STRICT_OBJC_MSGSEND = YES;
				GCC_C_LANGUAGE_STANDARD = gnu99;
				GCC_NO_COMMON_BLOCKS = YES;
				GCC_WARN_64_TO_32_BIT_CONVERSION = YES;
				GCC_WARN_ABOUT_RETURN_TYPE = YES_ERROR;
				GCC_WARN_UNDECLARED_SELECTOR = YES;
				GCC_WARN_UNINITIALIZED_AUTOS = YES;
				GCC_WARN_UNUSED_FUNCTION = YES;
				GCC_WARN_UNUSED_VARIABLE = YES;
				IPHONEOS_DEPLOYMENT_TARGET = 8.0;
				SDKROOT = iphoneos;
				VALIDATE_PRODUCT = YES;
			};
			name = Release;
		};
		B52A0D45188DED6C00C21D6C /* Debug */ = {
			isa = XCBuildConfiguration;
			baseConfigurationReference = DA63F06D7E3A8B16632A1CBF /* Pods-NLAutomatic.debug.xcconfig */;
			buildSettings = {
				ASSETCATALOG_COMPILER_APPICON_NAME = AppIcon;
				ASSETCATALOG_COMPILER_LAUNCHIMAGE_NAME = LaunchImage;
				DEVELOPMENT_TEAM = 6K559Y986U;
				ENABLE_BITCODE = NO;
				GCC_PRECOMPILE_PREFIX_HEADER = YES;
				GCC_PREFIX_HEADER = Classes/Prefix.pch;
				INFOPLIST_FILE = "$(SRCROOT)/Classes/Info.plist";
				PRODUCT_BUNDLE_IDENTIFIER = "com.nelsonleduc.$(PRODUCT_NAME:rfc1034identifier)";
				PRODUCT_NAME = NLAutomatic;
				TARGETED_DEVICE_FAMILY = 1;
				WRAPPER_EXTENSION = app;
			};
			name = Debug;
		};
		B52A0D46188DED6C00C21D6C /* Release */ = {
			isa = XCBuildConfiguration;
			baseConfigurationReference = E61D12E3286C0993440A6B14 /* Pods-NLAutomatic.release.xcconfig */;
			buildSettings = {
				ASSETCATALOG_COMPILER_APPICON_NAME = AppIcon;
				ASSETCATALOG_COMPILER_LAUNCHIMAGE_NAME = LaunchImage;
				DEVELOPMENT_TEAM = 6K559Y986U;
				ENABLE_BITCODE = NO;
				GCC_PRECOMPILE_PREFIX_HEADER = YES;
				GCC_PREFIX_HEADER = Classes/Prefix.pch;
				INFOPLIST_FILE = "$(SRCROOT)/Classes/Info.plist";
				PRODUCT_BUNDLE_IDENTIFIER = "com.nelsonleduc.$(PRODUCT_NAME:rfc1034identifier)";
				PRODUCT_NAME = NLAutomatic;
				TARGETED_DEVICE_FAMILY = 1;
				WRAPPER_EXTENSION = app;
			};
			name = Release;
		};
		B52A0D48188DED6C00C21D6C /* Debug */ = {
			isa = XCBuildConfiguration;
			baseConfigurationReference = 1D8D9053DBDBA2F88FEFE824 /* Pods-Specs.debug.xcconfig */;
			buildSettings = {
				DEVELOPMENT_TEAM = 6K559Y986U;
				FRAMEWORK_SEARCH_PATHS = (
					"$(SDKROOT)/Developer/Library/Frameworks",
					"$(inherited)",
					"$(DEVELOPER_FRAMEWORKS_DIR)",
				);
				GCC_PRECOMPILE_PREFIX_HEADER = YES;
				GCC_PREFIX_HEADER = "BDKAutomatic/BDKAutomatic-Prefix.pch";
				GCC_PREPROCESSOR_DEFINITIONS = (
					"DEBUG=1",
					"$(inherited)",
				);
				INFOPLIST_FILE = "BDKAutomaticTests/BDKAutomaticTests-Info.plist";
				PRODUCT_NAME = "$(TARGET_NAME)";
				TEST_HOST = "$(BUNDLE_LOADER)";
				WRAPPER_EXTENSION = xctest;
			};
			name = Debug;
		};
		B52A0D49188DED6C00C21D6C /* Release */ = {
			isa = XCBuildConfiguration;
			baseConfigurationReference = E7D1F352C10313BFEBFDFE24 /* Pods-Specs.release.xcconfig */;
			buildSettings = {
				DEVELOPMENT_TEAM = 6K559Y986U;
				FRAMEWORK_SEARCH_PATHS = (
					"$(SDKROOT)/Developer/Library/Frameworks",
					"$(inherited)",
					"$(DEVELOPER_FRAMEWORKS_DIR)",
				);
				GCC_PRECOMPILE_PREFIX_HEADER = YES;
				GCC_PREFIX_HEADER = "BDKAutomatic/BDKAutomatic-Prefix.pch";
				INFOPLIST_FILE = "BDKAutomaticTests/BDKAutomaticTests-Info.plist";
				PRODUCT_NAME = "$(TARGET_NAME)";
				TEST_HOST = "$(BUNDLE_LOADER)";
				WRAPPER_EXTENSION = xctest;
			};
			name = Release;
		};
/* End XCBuildConfiguration section */

/* Begin XCConfigurationList section */
		B52A0D13188DED6B00C21D6C /* Build configuration list for PBXProject "NLAutomatic" */ = {
			isa = XCConfigurationList;
			buildConfigurations = (
				B52A0D42188DED6C00C21D6C /* Debug */,
				B52A0D43188DED6C00C21D6C /* Release */,
			);
			defaultConfigurationIsVisible = 0;
			defaultConfigurationName = Release;
		};
		B52A0D44188DED6C00C21D6C /* Build configuration list for PBXNativeTarget "NLAutomatic" */ = {
			isa = XCConfigurationList;
			buildConfigurations = (
				B52A0D45188DED6C00C21D6C /* Debug */,
				B52A0D46188DED6C00C21D6C /* Release */,
			);
			defaultConfigurationIsVisible = 0;
			defaultConfigurationName = Release;
		};
		B52A0D47188DED6C00C21D6C /* Build configuration list for PBXNativeTarget "Specs" */ = {
			isa = XCConfigurationList;
			buildConfigurations = (
				B52A0D48188DED6C00C21D6C /* Debug */,
				B52A0D49188DED6C00C21D6C /* Release */,
			);
			defaultConfigurationIsVisible = 0;
			defaultConfigurationName = Release;
		};
/* End XCConfigurationList section */
	};
	rootObject = B52A0D10188DED6B00C21D6C /* Project object */;
}
